// !$*UTF8*$!
{
	archiveVersion = 1;
	classes = {
	};
	objectVersion = 46;
	objects = {

/* Begin PBXBuildFile section */
		F1FAA91D1D85A9B900F49174 /* AppDelegate.swift in Sources */ = {isa = PBXBuildFile; fileRef = F1FAA91C1D85A9B900F49174 /* AppDelegate.swift */; };
		F1FAA91F1D85A9B900F49174 /* ViewController.swift in Sources */ = {isa = PBXBuildFile; fileRef = F1FAA91E1D85A9B900F49174 /* ViewController.swift */; };
		F1FAA9221D85A9B900F49174 /* Main.storyboard in Resources */ = {isa = PBXBuildFile; fileRef = F1FAA9201D85A9B900F49174 /* Main.storyboard */; };
		F1FAA9241D85A9B900F49174 /* Assets.xcassets in Resources */ = {isa = PBXBuildFile; fileRef = F1FAA9231D85A9B900F49174 /* Assets.xcassets */; };
		F1FAA9271D85A9B900F49174 /* LaunchScreen.storyboard in Resources */ = {isa = PBXBuildFile; fileRef = F1FAA9251D85A9B900F49174 /* LaunchScreen.storyboard */; };
/* End PBXBuildFile section */

/* Begin PBXFileReference section */
		F1FAA9191D85A9B900F49174 /* slyngshot.app */ = {isa = PBXFileReference; explicitFileType = wrapper.application; includeInIndex = 0; path = slyngshot.app; sourceTree = BUILT_PRODUCTS_DIR; };
		F1FAA91C1D85A9B900F49174 /* AppDelegate.swift */ = {isa = PBXFileReference; lastKnownFileType = sourcecode.swift; path = AppDelegate.swift; sourceTree = "<group>"; };
		F1FAA91E1D85A9B900F49174 /* ViewController.swift */ = {isa = PBXFileReference; lastKnownFileType = sourcecode.swift; path = ViewController.swift; sourceTree = "<group>"; };
		F1FAA9211D85A9B900F49174 /* Base */ = {isa = PBXFileReference; lastKnownFileType = file.storyboard; name = Base; path = Base.lproj/Main.storyboard; sourceTree = "<group>"; };
		F1FAA9231D85A9B900F49174 /* Assets.xcassets */ = {isa = PBXFileReference; lastKnownFileType = folder.assetcatalog; path = Assets.xcassets; sourceTree = "<group>"; };
		F1FAA9261D85A9B900F49174 /* Base */ = {isa = PBXFileReference; lastKnownFileType = file.storyboard; name = Base; path = Base.lproj/LaunchScreen.storyboard; sourceTree = "<group>"; };
		F1FAA9281D85A9B900F49174 /* Info.plist */ = {isa = PBXFileReference; lastKnownFileType = text.plist.xml; path = Info.plist; sourceTree = "<group>"; };
/* End PBXFileReference section */

/* Begin PBXFrameworksBuildPhase section */
		F1FAA9161D85A9B800F49174 /* Frameworks */ = {
			isa = PBXFrameworksBuildPhase;
			buildActionMask = 2147483647;
			files = (
			);
			runOnlyForDeploymentPostprocessing = 0;
		};
/* End PBXFrameworksBuildPhase section */

/* Begin PBXGroup section */
		F1FAA9101D85A9B800F49174 = {
			isa = PBXGroup;
			children = (
				F1FAA91B1D85A9B900F49174 /* slyngshot */,
				F1FAA91A1D85A9B900F49174 /* Products */,
			);
			sourceTree = "<group>";
		};
		F1FAA91A1D85A9B900F49174 /* Products */ = {
			isa = PBXGroup;
			children = (
				F1FAA9191D85A9B900F49174 /* slyngshot.app */,
			);
			name = Products;
			sourceTree = "<group>";
		};
		F1FAA91B1D85A9B900F49174 /* slyngshot */ = {
			isa = PBXGroup;
			children = (
				F1FAA91C1D85A9B900F49174 /* AppDelegate.swift */,
				F1FAA91E1D85A9B900F49174 /* ViewController.swift */,
				F1FAA9201D85A9B900F49174 /* Main.storyboard */,
				F1FAA9231D85A9B900F49174 /* Assets.xcassets */,
				F1FAA9251D85A9B900F49174 /* LaunchScreen.storyboard */,
				F1FAA9281D85A9B900F49174 /* Info.plist */,
			);
			path = slyngshot;
			sourceTree = "<group>";
		};
/* End PBXGroup section */

/* Begin PBXNativeTarget section */
		F1FAA9181D85A9B800F49174 /* slyngshot */ = {
			isa = PBXNativeTarget;
			buildConfigurationList = F1FAA92B1D85A9B900F49174 /* Build configuration list for PBXNativeTarget "slyngshot" */;
			buildPhases = (
				F1FAA9151D85A9B800F49174 /* Sources */,
				F1FAA9161D85A9B800F49174 /* Frameworks */,
				F1FAA9171D85A9B800F49174 /* Resources */,
			);
			buildRules = (
			);
			dependencies = (
			);
			name = slyngshot;
			productName = slyngshot;
			productReference = F1FAA9191D85A9B900F49174 /* slyngshot.app */;
			productType = "com.apple.product-type.application";
		};
/* End PBXNativeTarget section */

/* Begin PBXProject section */
		F1FAA9111D85A9B800F49174 /* Project object */ = {
			isa = PBXProject;
			attributes = {
				LastSwiftUpdateCheck = 0800;
				LastUpgradeCheck = 0800;
				ORGANIZATIONNAME = "Chris Bodaglo";
				TargetAttributes = {
					F1FAA9181D85A9B800F49174 = {
						CreatedOnToolsVersion = 8.0;
						ProvisioningStyle = Automatic;
					};
				};
			};
			buildConfigurationList = F1FAA9141D85A9B800F49174 /* Build configuration list for PBXProject "slyngshot" */;
			compatibilityVersion = "Xcode 3.2";
			developmentRegion = English;
			hasScannedForEncodings = 0;
			knownRegions = (
				en,
				Base,
			);
			mainGroup = F1FAA9101D85A9B800F49174;
			productRefGroup = F1FAA91A1D85A9B900F49174 /* Products */;
			projectDirPath = "";
			projectRoot = "";
			targets = (
				F1FAA9181D85A9B800F49174 /* slyngshot */,
			);
		};
/* End PBXProject section */

/* Begin PBXResourcesBuildPhase section */
		F1FAA9171D85A9B800F49174 /* Resources */ = {
			isa = PBXResourcesBuildPhase;
			buildActionMask = 2147483647;
			files = (
				F1FAA9271D85A9B900F49174 /* LaunchScreen.storyboard in Resources */,
				F1FAA9241D85A9B900F49174 /* Assets.xcassets in Resources */,
				F1FAA9221D85A9B900F49174 /* Main.storyboard in Resources */,
			);
			runOnlyForDeploymentPostprocessing = 0;
		};
/* End PBXResourcesBuildPhase section */

/* Begin PBXSourcesBuildPhase section */
		F1FAA9151D85A9B800F49174 /* Sources */ = {
			isa = PBXSourcesBuildPhase;
			buildActionMask = 2147483647;
			files = (
				F1FAA91F1D85A9B900F49174 /* ViewController.swift in Sources */,
				F1FAA91D1D85A9B900F49174 /* AppDelegate.swift in Sources */,
			);
			runOnlyForDeploymentPostprocessing = 0;
		};
/* End PBXSourcesBuildPhase section */

/* Begin PBXVariantGroup section */
		F1FAA9201D85A9B900F49174 /* Main.storyboard */ = {
			isa = PBXVariantGroup;
			children = (
				F1FAA9211D85A9B900F49174 /* Base */,
			);
			name = Main.storyboard;
			sourceTree = "<group>";
		};
		F1FAA9251D85A9B900F49174 /* LaunchScreen.storyboard */ = {
			isa = PBXVariantGroup;
			children = (
				F1FAA9261D85A9B900F49174 /* Base */,
			);
			name = LaunchScreen.storyboard;
			sourceTree = "<group>";
		};
/* End PBXVariantGroup section */

/* Begin XCBuildConfiguration section */
		F1FAA9291D85A9B900F49174 /* Debug */ = {
			isa = XCBuildConfiguration;
			buildSettings = {
				ALWAYS_SEARCH_USER_PATHS = NO;
				CLANG_ANALYZER_NONNULL = YES;
				CLANG_CXX_LANGUAGE_STANDARD = "gnu++0x";
				CLANG_CXX_LIBRARY = "libc++";
				CLANG_ENABLE_MODULES = YES;
				CLANG_ENABLE_OBJC_ARC = YES;
				CLANG_WARN_BOOL_CONVERSION = YES;
				CLANG_WARN_CONSTANT_CONVERSION = YES;
				CLANG_WARN_DIRECT_OBJC_ISA_USAGE = YES_ERROR;
				CLANG_WARN_DOCUMENTATION_COMMENTS = YES;
				CLANG_WARN_EMPTY_BODY = YES;
				CLANG_WARN_ENUM_CONVERSION = YES;
				CLANG_WARN_INFINITE_RECURSION = YES;
				CLANG_WARN_INT_CONVERSION = YES;
				CLANG_WARN_OBJC_ROOT_CLASS = YES_ERROR;
				CLANG_WARN_SUSPICIOUS_MOVES = YES;
				CLANG_WARN_UNREACHABLE_CODE = YES;
				CLANG_WARN__DUPLICATE_METHOD_MATCH = YES;
				"CODE_SIGN_IDENTITY[sdk=iphoneos*]" = "iPhone Developer";
				COPY_PHASE_STRIP = NO;
				DEBUG_INFORMATION_FORMAT = dwarf;
				ENABLE_STRICT_OBJC_MSGSEND = YES;
				ENABLE_TESTABILITY = YES;
				GCC_C_LANGUAGE_STANDARD = gnu99;
				GCC_DYNAMIC_NO_PIC = NO;
				GCC_NO_COMMON_BLOCKS = YES;
				GCC_OPTIMIZATION_LEVEL = 0;
				GCC_PREPROCESSOR_DEFINITIONS = (
					"DEBUG=1",
					"$(inherited)",
				);
				GCC_WARN_64_TO_32_BIT_CONVERSION = YES;
				GCC_WARN_ABOUT_RETURN_TYPE = YES_ERROR;
				GCC_WARN_UNDECLARED_SELECTOR = YES;
				GCC_WARN_UNINITIALIZED_AUTOS = YES_AGGRESSIVE;
				GCC_WARN_UNUSED_FUNCTION = YES;
				GCC_WARN_UNUSED_VARIABLE = YES;
				IPHONEOS_DEPLOYMENT_TARGET = 10.0;
				MTL_ENABLE_DEBUG_INFO = YES;
				ONLY_ACTIVE_ARCH = YES;
				SDKROOT = iphoneos;
				SWIFT_ACTIVE_COMPILATION_CONDITIONS = DEBUG;
				SWIFT_OPTIMIZATION_LEVEL = "-Onone";
				TARGETED_DEVICE_FAMILY = "1,2";
			};
			name = Debug;
		};
		F1FAA92A1D85A9B900F49174 /* Release */ = {
			isa = XCBuildConfiguration;
			buildSettings = {
				ALWAYS_SEARCH_USER_PATHS = NO;
				CLANG_ANALYZER_NONNULL = YES;
				CLANG_CXX_LANGUAGE_STANDARD = "gnu++0x";
				CLANG_CXX_LIBRARY = "libc++";
				CLANG_ENABLE_MODULES = YES;
				CLANG_ENABLE_OBJC_ARC = YES;
				CLANG_WARN_BOOL_CONVERSION = YES;
				CLANG_WARN_CONSTANT_CONVERSION = YES;
				CLANG_WARN_DIRECT_OBJC_ISA_USAGE = YES_ERROR;
				CLANG_WARN_DOCUMENTATION_COMMENTS = YES;
				CLANG_WARN_EMPTY_BODY = YES;
				CLANG_WARN_ENUM_CONVERSION = YES;
				CLANG_WARN_INFINITE_RECURSION = YES;
				CLANG_WARN_INT_CONVERSION = YES;
				CLANG_WARN_OBJC_ROOT_CLASS = YES_ERROR;
				CLANG_WARN_SUSPICIOUS_MOVES = YES;
				CLANG_WARN_UNREACHABLE_CODE = YES;
				CLANG_WARN__DUPLICATE_METHOD_MATCH = YES;
				"CODE_SIGN_IDENTITY[sdk=iphoneos*]" = "iPhone Developer";
				COPY_PHASE_STRIP = NO;
				DEBUG_INFORMATION_FORMAT = "dwarf-with-dsym";
				ENABLE_NS_ASSERTIONS = NO;
				ENABLE_STRICT_OBJC_MSGSEND = YES;
				GCC_C_LANGUAGE_STANDARD = gnu99;
				GCC_NO_COMMON_BLOCKS = YES;
				GCC_WARN_64_TO_32_BIT_CONVERSION = YES;
				GCC_WARN_ABOUT_RETURN_TYPE = YES_ERROR;
				GCC_WARN_UNDECLARED_SELECTOR = YES;
				GCC_WARN_UNINITIALIZED_AUTOS = YES_AGGRESSIVE;
				GCC_WARN_UNUSED_FUNCTION = YES;
				GCC_WARN_UNUSED_VARIABLE = YES;
				IPHONEOS_DEPLOYMENT_TARGET = 10.0;
				MTL_ENABLE_DEBUG_INFO = NO;
				SDKROOT = iphoneos;
				SWIFT_OPTIMIZATION_LEVEL = "-Owholemodule";
				TARGETED_DEVICE_FAMILY = "1,2";
				VALIDATE_PRODUCT = YES;
			};
			name = Release;
		};
		F1FAA92C1D85A9B900F49174 /* Debug */ = {
			isa = XCBuildConfiguration;
			buildSettings = {
				ASSETCATALOG_COMPILER_APPICON_NAME = AppIcon;
				INFOPLIST_FILE = slyngshot/Info.plist;
				LD_RUNPATH_SEARCH_PATHS = "$(inherited) @executable_path/Frameworks";
				PRODUCT_BUNDLE_IDENTIFIER = com.slyngshot.slyngshot;
				PRODUCT_NAME = "$(TARGET_NAME)";
				SWIFT_VERSION = 3.0;
			};
			name = Debug;
		};
		F1FAA92D1D85A9B900F49174 /* Release */ = {
			isa = XCBuildConfiguration;
			buildSettings = {
				ASSETCATALOG_COMPILER_APPICON_NAME = AppIcon;
				INFOPLIST_FILE = slyngshot/Info.plist;
				LD_RUNPATH_SEARCH_PATHS = "$(inherited) @executable_path/Frameworks";
				PRODUCT_BUNDLE_IDENTIFIER = com.slyngshot.slyngshot;
				PRODUCT_NAME = "$(TARGET_NAME)";
				SWIFT_VERSION = 3.0;
			};
			name = Release;
		};
/* End XCBuildConfiguration section */

/* Begin XCConfigurationList section */
		F1FAA9141D85A9B800F49174 /* Build configuration list for PBXProject "slyngshot" */ = {
			isa = XCConfigurationList;
			buildConfigurations = (
				F1FAA9291D85A9B900F49174 /* Debug */,
				F1FAA92A1D85A9B900F49174 /* Release */,
			);
			defaultConfigurationIsVisible = 0;
			defaultConfigurationName = Release;
		};
		F1FAA92B1D85A9B900F49174 /* Build configuration list for PBXNativeTarget "slyngshot" */ = {
			isa = XCConfigurationList;
			buildConfigurations = (
				F1FAA92C1D85A9B900F49174 /* Debug */,
				F1FAA92D1D85A9B900F49174 /* Release */,
			);
			defaultConfigurationIsVisible = 0;
		};
/* End XCConfigurationList section */
	};
	rootObject = F1FAA9111D85A9B800F49174 /* Project object */;
}
